// !$*UTF8*$!
{
	archiveVersion = 1;
	classes = {
	};
	objectVersion = 52;
	objects = {

/* Begin PBXBuildFile section */
		BA03AB0A2895EE06007145B7 /* FirebaseAuth in Frameworks */ = {isa = PBXBuildFile; productRef = BA03AB092895EE06007145B7 /* FirebaseAuth */; };
		BA03AB0C2895EE06007145B7 /* FirebaseFirestore in Frameworks */ = {isa = PBXBuildFile; productRef = BA03AB0B2895EE06007145B7 /* FirebaseFirestore */; };
		BA69D0C626D21C8200696563 /* CheckListTableViewCell.swift in Sources */ = {isa = PBXBuildFile; fileRef = BA69D0C426D21C8200696563 /* CheckListTableViewCell.swift */; };
		BA69D0C726D21C8200696563 /* CheckListTableViewCell.xib in Resources */ = {isa = PBXBuildFile; fileRef = BA69D0C526D21C8200696563 /* CheckListTableViewCell.xib */; };
		BA6B77B726CE133C00F2E771 /* GoogleService-Info.plist in Resources */ = {isa = PBXBuildFile; fileRef = BA6B77B626CE133C00F2E771 /* GoogleService-Info.plist */; };
		BA79275126BDF85400311E1E /* AppDelegate.swift in Sources */ = {isa = PBXBuildFile; fileRef = BA79275026BDF85400311E1E /* AppDelegate.swift */; };
		BA79275326BDF85400311E1E /* SceneDelegate.swift in Sources */ = {isa = PBXBuildFile; fileRef = BA79275226BDF85400311E1E /* SceneDelegate.swift */; };
		BA79275526BDF85400311E1E /* ThemeViewController.swift in Sources */ = {isa = PBXBuildFile; fileRef = BA79275426BDF85400311E1E /* ThemeViewController.swift */; };
		BA79275826BDF85400311E1E /* Main.storyboard in Resources */ = {isa = PBXBuildFile; fileRef = BA79275626BDF85400311E1E /* Main.storyboard */; };
		BA79275A26BDF85800311E1E /* Assets.xcassets in Resources */ = {isa = PBXBuildFile; fileRef = BA79275926BDF85800311E1E /* Assets.xcassets */; };
		BA79275D26BDF85800311E1E /* LaunchScreen.storyboard in Resources */ = {isa = PBXBuildFile; fileRef = BA79275B26BDF85800311E1E /* LaunchScreen.storyboard */; };
		BA79276626BDFAF600311E1E /* LoginViewController.swift in Sources */ = {isa = PBXBuildFile; fileRef = BA79276526BDFAF600311E1E /* LoginViewController.swift */; };
		BACB84CA287942A1007477D3 /* RxCocoa in Frameworks */ = {isa = PBXBuildFile; productRef = BACB84C9287942A1007477D3 /* RxCocoa */; };
		BACB84CC287942A1007477D3 /* RxRelay in Frameworks */ = {isa = PBXBuildFile; productRef = BACB84CB287942A1007477D3 /* RxRelay */; };
		BACB84CE287942A1007477D3 /* RxSwift in Frameworks */ = {isa = PBXBuildFile; productRef = BACB84CD287942A1007477D3 /* RxSwift */; };
		BAFBC11826CFB197005C0F35 /* CheckViewController.swift in Sources */ = {isa = PBXBuildFile; fileRef = BAFBC11726CFB197005C0F35 /* CheckViewController.swift */; };
		BAFBC11B26CFB39D005C0F35 /* AnswerModel.swift in Sources */ = {isa = PBXBuildFile; fileRef = BAFBC11A26CFB39D005C0F35 /* AnswerModel.swift */; };
		BAFBC11D26CFB617005C0F35 /* DBModel.swift in Sources */ = {isa = PBXBuildFile; fileRef = BAFBC11C26CFB617005C0F35 /* DBModel.swift */; };
		BAFBC11F26D0F2DE005C0F35 /* CommentViewController.swift in Sources */ = {isa = PBXBuildFile; fileRef = BAFBC11E26D0F2DE005C0F35 /* CommentViewController.swift */; };
		BAFBC12126D0F598005C0F35 /* CommentModel.swift in Sources */ = {isa = PBXBuildFile; fileRef = BAFBC12026D0F598005C0F35 /* CommentModel.swift */; };
		C408152B27B8A5B00056A25B /* DismissKeyboardViewContoller.swift in Sources */ = {isa = PBXBuildFile; fileRef = C408152A27B8A5B00056A25B /* DismissKeyboardViewContoller.swift */; };
		C484BF3627B75EC700248AE4 /* UIViewController+Extension.swift in Sources */ = {isa = PBXBuildFile; fileRef = C484BF3527B75EC700248AE4 /* UIViewController+Extension.swift */; };
		C4D919E927B7F92F004B2381 /* LoginViewModel.swift in Sources */ = {isa = PBXBuildFile; fileRef = C4D919E827B7F92F004B2381 /* LoginViewModel.swift */; };
		C4D919EB27B7F956004B2381 /* Login.storyboard in Resources */ = {isa = PBXBuildFile; fileRef = C4D919EA27B7F956004B2381 /* Login.storyboard */; };
		C4D919EE27B7FB01004B2381 /* ThemeViewModel.swift in Sources */ = {isa = PBXBuildFile; fileRef = C4D919ED27B7FB01004B2381 /* ThemeViewModel.swift */; };
		C4D919F027B7FB1D004B2381 /* Theme.storyboard in Resources */ = {isa = PBXBuildFile; fileRef = C4D919EF27B7FB1D004B2381 /* Theme.storyboard */; };
		C4D919F327B7FB6F004B2381 /* CheckViewModel.swift in Sources */ = {isa = PBXBuildFile; fileRef = C4D919F227B7FB6F004B2381 /* CheckViewModel.swift */; };
		C4D919F527B7FB76004B2381 /* Check.storyboard in Resources */ = {isa = PBXBuildFile; fileRef = C4D919F427B7FB76004B2381 /* Check.storyboard */; };
		C4D919F827B7FBE9004B2381 /* CommentViewModel.swift in Sources */ = {isa = PBXBuildFile; fileRef = C4D919F727B7FBE9004B2381 /* CommentViewModel.swift */; };
		C4D919FA27B7FBF2004B2381 /* Comment.storyboard in Resources */ = {isa = PBXBuildFile; fileRef = C4D919F927B7FBF2004B2381 /* Comment.storyboard */; };
/* End PBXBuildFile section */

/* Begin PBXFileReference section */
		BA69D0C426D21C8200696563 /* CheckListTableViewCell.swift */ = {isa = PBXFileReference; lastKnownFileType = sourcecode.swift; path = CheckListTableViewCell.swift; sourceTree = "<group>"; };
		BA69D0C526D21C8200696563 /* CheckListTableViewCell.xib */ = {isa = PBXFileReference; lastKnownFileType = file.xib; path = CheckListTableViewCell.xib; sourceTree = "<group>"; };
		BA6B77B626CE133C00F2E771 /* GoogleService-Info.plist */ = {isa = PBXFileReference; fileEncoding = 4; lastKnownFileType = text.plist.xml; path = "GoogleService-Info.plist"; sourceTree = "<group>"; };
		BA79274D26BDF85400311E1E /* odai.app */ = {isa = PBXFileReference; explicitFileType = wrapper.application; includeInIndex = 0; path = odai.app; sourceTree = BUILT_PRODUCTS_DIR; };
		BA79275026BDF85400311E1E /* AppDelegate.swift */ = {isa = PBXFileReference; lastKnownFileType = sourcecode.swift; path = AppDelegate.swift; sourceTree = "<group>"; };
		BA79275226BDF85400311E1E /* SceneDelegate.swift */ = {isa = PBXFileReference; lastKnownFileType = sourcecode.swift; path = SceneDelegate.swift; sourceTree = "<group>"; };
		BA79275426BDF85400311E1E /* ThemeViewController.swift */ = {isa = PBXFileReference; lastKnownFileType = sourcecode.swift; path = ThemeViewController.swift; sourceTree = "<group>"; };
		BA79275726BDF85400311E1E /* Base */ = {isa = PBXFileReference; lastKnownFileType = file.storyboard; name = Base; path = Base.lproj/Main.storyboard; sourceTree = "<group>"; };
		BA79275926BDF85800311E1E /* Assets.xcassets */ = {isa = PBXFileReference; lastKnownFileType = folder.assetcatalog; path = Assets.xcassets; sourceTree = "<group>"; };
		BA79275C26BDF85800311E1E /* Base */ = {isa = PBXFileReference; lastKnownFileType = file.storyboard; name = Base; path = Base.lproj/LaunchScreen.storyboard; sourceTree = "<group>"; };
		BA79275E26BDF85800311E1E /* Info.plist */ = {isa = PBXFileReference; lastKnownFileType = text.plist.xml; path = Info.plist; sourceTree = "<group>"; };
		BA79276526BDFAF600311E1E /* LoginViewController.swift */ = {isa = PBXFileReference; lastKnownFileType = sourcecode.swift; path = LoginViewController.swift; sourceTree = "<group>"; };
		BAFBC11726CFB197005C0F35 /* CheckViewController.swift */ = {isa = PBXFileReference; lastKnownFileType = sourcecode.swift; path = CheckViewController.swift; sourceTree = "<group>"; };
		BAFBC11A26CFB39D005C0F35 /* AnswerModel.swift */ = {isa = PBXFileReference; lastKnownFileType = sourcecode.swift; path = AnswerModel.swift; sourceTree = "<group>"; };
		BAFBC11C26CFB617005C0F35 /* DBModel.swift */ = {isa = PBXFileReference; lastKnownFileType = sourcecode.swift; path = DBModel.swift; sourceTree = "<group>"; };
		BAFBC11E26D0F2DE005C0F35 /* CommentViewController.swift */ = {isa = PBXFileReference; lastKnownFileType = sourcecode.swift; path = CommentViewController.swift; sourceTree = "<group>"; };
		BAFBC12026D0F598005C0F35 /* CommentModel.swift */ = {isa = PBXFileReference; lastKnownFileType = sourcecode.swift; path = CommentModel.swift; sourceTree = "<group>"; };
		C408152A27B8A5B00056A25B /* DismissKeyboardViewContoller.swift */ = {isa = PBXFileReference; lastKnownFileType = sourcecode.swift; path = DismissKeyboardViewContoller.swift; sourceTree = "<group>"; };
		C484BF3527B75EC700248AE4 /* UIViewController+Extension.swift */ = {isa = PBXFileReference; lastKnownFileType = sourcecode.swift; path = "UIViewController+Extension.swift"; sourceTree = "<group>"; };
		C4D919E827B7F92F004B2381 /* LoginViewModel.swift */ = {isa = PBXFileReference; lastKnownFileType = sourcecode.swift; path = LoginViewModel.swift; sourceTree = "<group>"; };
		C4D919EA27B7F956004B2381 /* Login.storyboard */ = {isa = PBXFileReference; lastKnownFileType = file.storyboard; path = Login.storyboard; sourceTree = "<group>"; };
		C4D919ED27B7FB01004B2381 /* ThemeViewModel.swift */ = {isa = PBXFileReference; lastKnownFileType = sourcecode.swift; path = ThemeViewModel.swift; sourceTree = "<group>"; };
		C4D919EF27B7FB1D004B2381 /* Theme.storyboard */ = {isa = PBXFileReference; lastKnownFileType = file.storyboard; path = Theme.storyboard; sourceTree = "<group>"; };
		C4D919F227B7FB6F004B2381 /* CheckViewModel.swift */ = {isa = PBXFileReference; lastKnownFileType = sourcecode.swift; path = CheckViewModel.swift; sourceTree = "<group>"; };
		C4D919F427B7FB76004B2381 /* Check.storyboard */ = {isa = PBXFileReference; lastKnownFileType = file.storyboard; path = Check.storyboard; sourceTree = "<group>"; };
		C4D919F727B7FBE9004B2381 /* CommentViewModel.swift */ = {isa = PBXFileReference; lastKnownFileType = sourcecode.swift; path = CommentViewModel.swift; sourceTree = "<group>"; };
		C4D919F927B7FBF2004B2381 /* Comment.storyboard */ = {isa = PBXFileReference; lastKnownFileType = file.storyboard; path = Comment.storyboard; sourceTree = "<group>"; };
/* End PBXFileReference section */

/* Begin PBXFrameworksBuildPhase section */
		BA79274A26BDF85400311E1E /* Frameworks */ = {
			isa = PBXFrameworksBuildPhase;
			buildActionMask = 2147483647;
			files = (
				BACB84CC287942A1007477D3 /* RxRelay in Frameworks */,
				BA03AB0A2895EE06007145B7 /* FirebaseAuth in Frameworks */,
				BACB84CA287942A1007477D3 /* RxCocoa in Frameworks */,
				BACB84CE287942A1007477D3 /* RxSwift in Frameworks */,
				BA03AB0C2895EE06007145B7 /* FirebaseFirestore in Frameworks */,
			);
			runOnlyForDeploymentPostprocessing = 0;
		};
/* End PBXFrameworksBuildPhase section */

/* Begin PBXGroup section */
		BA79274426BDF85400311E1E = {
			isa = PBXGroup;
			children = (
				BA79274F26BDF85400311E1E /* odai */,
				BA79274E26BDF85400311E1E /* Products */,
			);
			sourceTree = "<group>";
		};
		BA79274E26BDF85400311E1E /* Products */ = {
			isa = PBXGroup;
			children = (
				BA79274D26BDF85400311E1E /* odai.app */,
			);
			name = Products;
			sourceTree = "<group>";
		};
		BA79274F26BDF85400311E1E /* odai */ = {
			isa = PBXGroup;
			children = (
				C4D919FB27B80422004B2381 /* Application */,
				C4D919FE27B80809004B2381 /* Common */,
				BA79275B26BDF85800311E1E /* LaunchScreen.storyboard */,
				BA79275626BDF85400311E1E /* Main.storyboard */,
				BAFBC11926CFB38D005C0F35 /* Model */,
				C4D919E627B7F8C5004B2381 /* Presentation */,
				C4D919FC27B804C2004B2381 /* Resources */,
			);
			path = odai;
			sourceTree = "<group>";
		};
		BAFBC11926CFB38D005C0F35 /* Model */ = {
			isa = PBXGroup;
			children = (
				BAFBC11A26CFB39D005C0F35 /* AnswerModel.swift */,
				BAFBC11C26CFB617005C0F35 /* DBModel.swift */,
				BAFBC12026D0F598005C0F35 /* CommentModel.swift */,
			);
			path = Model;
			sourceTree = "<group>";
		};
		C4D919E627B7F8C5004B2381 /* Presentation */ = {
			isa = PBXGroup;
			children = (
				C4D919F627B7FB94004B2381 /* Comment */,
				C4D919F127B7FB5D004B2381 /* Check */,
				C4D919E727B7F8D3004B2381 /* Login */,
				C4D919EC27B7FAEC004B2381 /* Theme */,
			);
			path = Presentation;
			sourceTree = "<group>";
		};
		C4D919E727B7F8D3004B2381 /* Login */ = {
			isa = PBXGroup;
			children = (
				BA79276526BDFAF600311E1E /* LoginViewController.swift */,
				C4D919E827B7F92F004B2381 /* LoginViewModel.swift */,
				C4D919EA27B7F956004B2381 /* Login.storyboard */,
			);
			path = Login;
			sourceTree = "<group>";
		};
		C4D919EC27B7FAEC004B2381 /* Theme */ = {
			isa = PBXGroup;
			children = (
				BA79275426BDF85400311E1E /* ThemeViewController.swift */,
				C4D919ED27B7FB01004B2381 /* ThemeViewModel.swift */,
				C4D919EF27B7FB1D004B2381 /* Theme.storyboard */,
			);
			path = Theme;
			sourceTree = "<group>";
		};
		C4D919F127B7FB5D004B2381 /* Check */ = {
			isa = PBXGroup;
			children = (
				C4D919FD27B80605004B2381 /* CheckList */,
				BAFBC11726CFB197005C0F35 /* CheckViewController.swift */,
				C4D919F227B7FB6F004B2381 /* CheckViewModel.swift */,
				C4D919F427B7FB76004B2381 /* Check.storyboard */,
			);
			path = Check;
			sourceTree = "<group>";
		};
		C4D919F627B7FB94004B2381 /* Comment */ = {
			isa = PBXGroup;
			children = (
				BAFBC11E26D0F2DE005C0F35 /* CommentViewController.swift */,
				C4D919F727B7FBE9004B2381 /* CommentViewModel.swift */,
				C4D919F927B7FBF2004B2381 /* Comment.storyboard */,
			);
			path = Comment;
			sourceTree = "<group>";
		};
		C4D919FB27B80422004B2381 /* Application */ = {
			isa = PBXGroup;
			children = (
				BA79275026BDF85400311E1E /* AppDelegate.swift */,
				BA79275226BDF85400311E1E /* SceneDelegate.swift */,
			);
			path = Application;
			sourceTree = "<group>";
		};
		C4D919FC27B804C2004B2381 /* Resources */ = {
			isa = PBXGroup;
			children = (
				BA79275926BDF85800311E1E /* Assets.xcassets */,
				BA6B77B626CE133C00F2E771 /* GoogleService-Info.plist */,
				BA79275E26BDF85800311E1E /* Info.plist */,
			);
			path = Resources;
			sourceTree = "<group>";
		};
		C4D919FD27B80605004B2381 /* CheckList */ = {
			isa = PBXGroup;
			children = (
				BA69D0C426D21C8200696563 /* CheckListTableViewCell.swift */,
				BA69D0C526D21C8200696563 /* CheckListTableViewCell.xib */,
			);
			path = CheckList;
			sourceTree = "<group>";
		};
		C4D919FE27B80809004B2381 /* Common */ = {
			isa = PBXGroup;
			children = (
				C484BF3527B75EC700248AE4 /* UIViewController+Extension.swift */,
				C408152A27B8A5B00056A25B /* DismissKeyboardViewContoller.swift */,
			);
			path = Common;
			sourceTree = "<group>";
		};
/* End PBXGroup section */

/* Begin PBXNativeTarget section */
		BA79274C26BDF85400311E1E /* odai */ = {
			isa = PBXNativeTarget;
			buildConfigurationList = BA79276126BDF85800311E1E /* Build configuration list for PBXNativeTarget "odai" */;
			buildPhases = (
				BA79274926BDF85400311E1E /* Sources */,
				BA79274A26BDF85400311E1E /* Frameworks */,
				BA79274B26BDF85400311E1E /* Resources */,
			);
			buildRules = (
			);
			dependencies = (
			);
			name = odai;
			packageProductDependencies = (
				BACB84C9287942A1007477D3 /* RxCocoa */,
				BACB84CB287942A1007477D3 /* RxRelay */,
				BACB84CD287942A1007477D3 /* RxSwift */,
				BA03AB092895EE06007145B7 /* FirebaseAuth */,
				BA03AB0B2895EE06007145B7 /* FirebaseFirestore */,
			);
			productName = sampleFireStore;
			productReference = BA79274D26BDF85400311E1E /* odai.app */;
			productType = "com.apple.product-type.application";
		};
/* End PBXNativeTarget section */

/* Begin PBXProject section */
		BA79274526BDF85400311E1E /* Project object */ = {
			isa = PBXProject;
			attributes = {
				LastSwiftUpdateCheck = 1250;
				LastUpgradeCheck = 1250;
				TargetAttributes = {
					BA79274C26BDF85400311E1E = {
						CreatedOnToolsVersion = 12.5.1;
					};
				};
			};
			buildConfigurationList = BA79274826BDF85400311E1E /* Build configuration list for PBXProject "odai" */;
			compatibilityVersion = "Xcode 9.3";
			developmentRegion = en;
			hasScannedForEncodings = 0;
			knownRegions = (
				en,
				Base,
			);
			mainGroup = BA79274426BDF85400311E1E;
			packageReferences = (
				BACB84C8287942A1007477D3 /* XCRemoteSwiftPackageReference "RxSwift" */,
				BA03AB082895EE06007145B7 /* XCRemoteSwiftPackageReference "firebase-ios-sdk" */,
			);
			productRefGroup = BA79274E26BDF85400311E1E /* Products */;
			projectDirPath = "";
			projectRoot = "";
			targets = (
				BA79274C26BDF85400311E1E /* odai */,
			);
		};
/* End PBXProject section */

/* Begin PBXResourcesBuildPhase section */
		BA79274B26BDF85400311E1E /* Resources */ = {
			isa = PBXResourcesBuildPhase;
			buildActionMask = 2147483647;
			files = (
				BA69D0C726D21C8200696563 /* CheckListTableViewCell.xib in Resources */,
				C4D919F027B7FB1D004B2381 /* Theme.storyboard in Resources */,
				BA79275D26BDF85800311E1E /* LaunchScreen.storyboard in Resources */,
				C4D919EB27B7F956004B2381 /* Login.storyboard in Resources */,
				C4D919FA27B7FBF2004B2381 /* Comment.storyboard in Resources */,
				BA6B77B726CE133C00F2E771 /* GoogleService-Info.plist in Resources */,
				C4D919F527B7FB76004B2381 /* Check.storyboard in Resources */,
				BA79275A26BDF85800311E1E /* Assets.xcassets in Resources */,
				BA79275826BDF85400311E1E /* Main.storyboard in Resources */,
			);
			runOnlyForDeploymentPostprocessing = 0;
		};
/* End PBXResourcesBuildPhase section */

/* Begin PBXSourcesBuildPhase section */
		BA79274926BDF85400311E1E /* Sources */ = {
			isa = PBXSourcesBuildPhase;
			buildActionMask = 2147483647;
			files = (
				BAFBC11F26D0F2DE005C0F35 /* CommentViewController.swift in Sources */,
				C484BF3627B75EC700248AE4 /* UIViewController+Extension.swift in Sources */,
				BA79276626BDFAF600311E1E /* LoginViewController.swift in Sources */,
				C4D919F827B7FBE9004B2381 /* CommentViewModel.swift in Sources */,
				C4D919F327B7FB6F004B2381 /* CheckViewModel.swift in Sources */,
				BA69D0C626D21C8200696563 /* CheckListTableViewCell.swift in Sources */,
				BAFBC11D26CFB617005C0F35 /* DBModel.swift in Sources */,
				C408152B27B8A5B00056A25B /* DismissKeyboardViewContoller.swift in Sources */,
				BA79275526BDF85400311E1E /* ThemeViewController.swift in Sources */,
				BA79275126BDF85400311E1E /* AppDelegate.swift in Sources */,
				BAFBC11B26CFB39D005C0F35 /* AnswerModel.swift in Sources */,
				C4D919E927B7F92F004B2381 /* LoginViewModel.swift in Sources */,
				BAFBC11826CFB197005C0F35 /* CheckViewController.swift in Sources */,
				C4D919EE27B7FB01004B2381 /* ThemeViewModel.swift in Sources */,
				BAFBC12126D0F598005C0F35 /* CommentModel.swift in Sources */,
				BA79275326BDF85400311E1E /* SceneDelegate.swift in Sources */,
			);
			runOnlyForDeploymentPostprocessing = 0;
		};
/* End PBXSourcesBuildPhase section */

/* Begin PBXVariantGroup section */
		BA79275626BDF85400311E1E /* Main.storyboard */ = {
			isa = PBXVariantGroup;
			children = (
				BA79275726BDF85400311E1E /* Base */,
			);
			name = Main.storyboard;
			sourceTree = "<group>";
		};
		BA79275B26BDF85800311E1E /* LaunchScreen.storyboard */ = {
			isa = PBXVariantGroup;
			children = (
				BA79275C26BDF85800311E1E /* Base */,
			);
			name = LaunchScreen.storyboard;
			sourceTree = "<group>";
		};
/* End PBXVariantGroup section */

/* Begin XCBuildConfiguration section */
		BA79275F26BDF85800311E1E /* Debug */ = {
			isa = XCBuildConfiguration;
			buildSettings = {
				ALWAYS_SEARCH_USER_PATHS = NO;
				CLANG_ANALYZER_NONNULL = YES;
				CLANG_ANALYZER_NUMBER_OBJECT_CONVERSION = YES_AGGRESSIVE;
				CLANG_CXX_LANGUAGE_STANDARD = "gnu++14";
				CLANG_CXX_LIBRARY = "libc++";
				CLANG_ENABLE_MODULES = YES;
				CLANG_ENABLE_OBJC_ARC = YES;
				CLANG_ENABLE_OBJC_WEAK = YES;
				CLANG_WARN_BLOCK_CAPTURE_AUTORELEASING = YES;
				CLANG_WARN_BOOL_CONVERSION = YES;
				CLANG_WARN_COMMA = YES;
				CLANG_WARN_CONSTANT_CONVERSION = YES;
				CLANG_WARN_DEPRECATED_OBJC_IMPLEMENTATIONS = YES;
				CLANG_WARN_DIRECT_OBJC_ISA_USAGE = YES_ERROR;
				CLANG_WARN_DOCUMENTATION_COMMENTS = YES;
				CLANG_WARN_EMPTY_BODY = YES;
				CLANG_WARN_ENUM_CONVERSION = YES;
				CLANG_WARN_INFINITE_RECURSION = YES;
				CLANG_WARN_INT_CONVERSION = YES;
				CLANG_WARN_NON_LITERAL_NULL_CONVERSION = YES;
				CLANG_WARN_OBJC_IMPLICIT_RETAIN_SELF = YES;
				CLANG_WARN_OBJC_LITERAL_CONVERSION = YES;
				CLANG_WARN_OBJC_ROOT_CLASS = YES_ERROR;
				CLANG_WARN_QUOTED_INCLUDE_IN_FRAMEWORK_HEADER = YES;
				CLANG_WARN_RANGE_LOOP_ANALYSIS = YES;
				CLANG_WARN_STRICT_PROTOTYPES = YES;
				CLANG_WARN_SUSPICIOUS_MOVE = YES;
				CLANG_WARN_UNGUARDED_AVAILABILITY = YES_AGGRESSIVE;
				CLANG_WARN_UNREACHABLE_CODE = YES;
				CLANG_WARN__DUPLICATE_METHOD_MATCH = YES;
				COPY_PHASE_STRIP = NO;
				DEBUG_INFORMATION_FORMAT = dwarf;
				ENABLE_STRICT_OBJC_MSGSEND = YES;
				ENABLE_TESTABILITY = YES;
				GCC_C_LANGUAGE_STANDARD = gnu11;
				GCC_DYNAMIC_NO_PIC = NO;
				GCC_NO_COMMON_BLOCKS = YES;
				GCC_OPTIMIZATION_LEVEL = 0;
				GCC_PREPROCESSOR_DEFINITIONS = (
					"DEBUG=1",
					"$(inherited)",
				);
				GCC_WARN_64_TO_32_BIT_CONVERSION = YES;
				GCC_WARN_ABOUT_RETURN_TYPE = YES_ERROR;
				GCC_WARN_UNDECLARED_SELECTOR = YES;
				GCC_WARN_UNINITIALIZED_AUTOS = YES_AGGRESSIVE;
				GCC_WARN_UNUSED_FUNCTION = YES;
				GCC_WARN_UNUSED_VARIABLE = YES;
				IPHONEOS_DEPLOYMENT_TARGET = 14.5;
				MTL_ENABLE_DEBUG_INFO = INCLUDE_SOURCE;
				MTL_FAST_MATH = YES;
				ONLY_ACTIVE_ARCH = YES;
				SDKROOT = iphoneos;
				SWIFT_ACTIVE_COMPILATION_CONDITIONS = DEBUG;
				SWIFT_OPTIMIZATION_LEVEL = "-Onone";
			};
			name = Debug;
		};
		BA79276026BDF85800311E1E /* Release */ = {
			isa = XCBuildConfiguration;
			buildSettings = {
				ALWAYS_SEARCH_USER_PATHS = NO;
				CLANG_ANALYZER_NONNULL = YES;
				CLANG_ANALYZER_NUMBER_OBJECT_CONVERSION = YES_AGGRESSIVE;
				CLANG_CXX_LANGUAGE_STANDARD = "gnu++14";
				CLANG_CXX_LIBRARY = "libc++";
				CLANG_ENABLE_MODULES = YES;
				CLANG_ENABLE_OBJC_ARC = YES;
				CLANG_ENABLE_OBJC_WEAK = YES;
				CLANG_WARN_BLOCK_CAPTURE_AUTORELEASING = YES;
				CLANG_WARN_BOOL_CONVERSION = YES;
				CLANG_WARN_COMMA = YES;
				CLANG_WARN_CONSTANT_CONVERSION = YES;
				CLANG_WARN_DEPRECATED_OBJC_IMPLEMENTATIONS = YES;
				CLANG_WARN_DIRECT_OBJC_ISA_USAGE = YES_ERROR;
				CLANG_WARN_DOCUMENTATION_COMMENTS = YES;
				CLANG_WARN_EMPTY_BODY = YES;
				CLANG_WARN_ENUM_CONVERSION = YES;
				CLANG_WARN_INFINITE_RECURSION = YES;
				CLANG_WARN_INT_CONVERSION = YES;
				CLANG_WARN_NON_LITERAL_NULL_CONVERSION = YES;
				CLANG_WARN_OBJC_IMPLICIT_RETAIN_SELF = YES;
				CLANG_WARN_OBJC_LITERAL_CONVERSION = YES;
				CLANG_WARN_OBJC_ROOT_CLASS = YES_ERROR;
				CLANG_WARN_QUOTED_INCLUDE_IN_FRAMEWORK_HEADER = YES;
				CLANG_WARN_RANGE_LOOP_ANALYSIS = YES;
				CLANG_WARN_STRICT_PROTOTYPES = YES;
				CLANG_WARN_SUSPICIOUS_MOVE = YES;
				CLANG_WARN_UNGUARDED_AVAILABILITY = YES_AGGRESSIVE;
				CLANG_WARN_UNREACHABLE_CODE = YES;
				CLANG_WARN__DUPLICATE_METHOD_MATCH = YES;
				COPY_PHASE_STRIP = NO;
				DEBUG_INFORMATION_FORMAT = "dwarf-with-dsym";
				ENABLE_NS_ASSERTIONS = NO;
				ENABLE_STRICT_OBJC_MSGSEND = YES;
				GCC_C_LANGUAGE_STANDARD = gnu11;
				GCC_NO_COMMON_BLOCKS = YES;
				GCC_WARN_64_TO_32_BIT_CONVERSION = YES;
				GCC_WARN_ABOUT_RETURN_TYPE = YES_ERROR;
				GCC_WARN_UNDECLARED_SELECTOR = YES;
				GCC_WARN_UNINITIALIZED_AUTOS = YES_AGGRESSIVE;
				GCC_WARN_UNUSED_FUNCTION = YES;
				GCC_WARN_UNUSED_VARIABLE = YES;
				IPHONEOS_DEPLOYMENT_TARGET = 14.5;
				MTL_ENABLE_DEBUG_INFO = NO;
				MTL_FAST_MATH = YES;
				SDKROOT = iphoneos;
				SWIFT_COMPILATION_MODE = wholemodule;
				SWIFT_OPTIMIZATION_LEVEL = "-O";
				VALIDATE_PRODUCT = YES;
			};
			name = Release;
		};
		BA79276226BDF85800311E1E /* Debug */ = {
			isa = XCBuildConfiguration;
			buildSettings = {
				ASSETCATALOG_COMPILER_APPICON_NAME = AppIcon;
				ASSETCATALOG_COMPILER_GLOBAL_ACCENT_COLOR_NAME = AccentColor;
				CODE_SIGN_STYLE = Automatic;
				CURRENT_PROJECT_VERSION = 1;
				DEVELOPMENT_TEAM = 95F386KH36;
				INFOPLIST_FILE = odai/Resources/Info.plist;
				LD_RUNPATH_SEARCH_PATHS = (
					"$(inherited)",
					"@executable_path/Frameworks",
				);
				MARKETING_VERSION = 1.0.0;
				PRODUCT_BUNDLE_IDENTIFIER = com.kobashou06.odai;
				PRODUCT_NAME = "$(TARGET_NAME)";
				SWIFT_VERSION = 5.0;
				TARGETED_DEVICE_FAMILY = "1,2";
				VERSIONING_SYSTEM = "apple-generic";
			};
			name = Debug;
		};
		BA79276326BDF85800311E1E /* Release */ = {
			isa = XCBuildConfiguration;
			buildSettings = {
				ASSETCATALOG_COMPILER_APPICON_NAME = AppIcon;
				ASSETCATALOG_COMPILER_GLOBAL_ACCENT_COLOR_NAME = AccentColor;
				CODE_SIGN_IDENTITY = "Apple Development";
				"CODE_SIGN_IDENTITY[sdk=iphoneos*]" = "iPhone Distribution";
				CODE_SIGN_STYLE = Manual;
				CURRENT_PROJECT_VERSION = 1;
				DEVELOPMENT_TEAM = "";
				"DEVELOPMENT_TEAM[sdk=iphoneos*]" = 95F386KH36;
				INFOPLIST_FILE = odai/Resources/Info.plist;
				LD_RUNPATH_SEARCH_PATHS = (
					"$(inherited)",
					"@executable_path/Frameworks",
				);
				MARKETING_VERSION = 1.0.0;
				PRODUCT_BUNDLE_IDENTIFIER = com.kobashou06.odai;
				PRODUCT_NAME = "$(TARGET_NAME)";
				PROVISIONING_PROFILE_SPECIFIER = "";
				"PROVISIONING_PROFILE_SPECIFIER[sdk=iphoneos*]" = odai_app_store;
				SWIFT_VERSION = 5.0;
				TARGETED_DEVICE_FAMILY = "1,2";
				VERSIONING_SYSTEM = "apple-generic";
			};
			name = Release;
		};
/* End XCBuildConfiguration section */

/* Begin XCConfigurationList section */
		BA79274826BDF85400311E1E /* Build configuration list for PBXProject "odai" */ = {
			isa = XCConfigurationList;
			buildConfigurations = (
				BA79275F26BDF85800311E1E /* Debug */,
				BA79276026BDF85800311E1E /* Release */,
			);
			defaultConfigurationIsVisible = 0;
			defaultConfigurationName = Release;
		};
		BA79276126BDF85800311E1E /* Build configuration list for PBXNativeTarget "odai" */ = {
			isa = XCConfigurationList;
			buildConfigurations = (
				BA79276226BDF85800311E1E /* Debug */,
				BA79276326BDF85800311E1E /* Release */,
			);
			defaultConfigurationIsVisible = 0;
			defaultConfigurationName = Release;
		};
/* End XCConfigurationList section */

/* Begin XCRemoteSwiftPackageReference section */
		BA03AB082895EE06007145B7 /* XCRemoteSwiftPackageReference "firebase-ios-sdk" */ = {
			isa = XCRemoteSwiftPackageReference;
			repositoryURL = "https://github.com/firebase/firebase-ios-sdk.git";
			requirement = {
				kind = upToNextMinorVersion;
				minimumVersion = 9.3.0;
			};
		};
		BACB84C8287942A1007477D3 /* XCRemoteSwiftPackageReference "RxSwift" */ = {
			isa = XCRemoteSwiftPackageReference;
			repositoryURL = "https://github.com/ReactiveX/RxSwift.git";
			requirement = {
				kind = upToNextMinorVersion;
				minimumVersion = 6.5.0;
			};
		};
/* End XCRemoteSwiftPackageReference section */

/* Begin XCSwiftPackageProductDependency section */
		BA03AB092895EE06007145B7 /* FirebaseAuth */ = {
			isa = XCSwiftPackageProductDependency;
			package = BA03AB082895EE06007145B7 /* XCRemoteSwiftPackageReference "firebase-ios-sdk" */;
			productName = FirebaseAuth;
		};
		BA03AB0B2895EE06007145B7 /* FirebaseFirestore */ = {
			isa = XCSwiftPackageProductDependency;
			package = BA03AB082895EE06007145B7 /* XCRemoteSwiftPackageReference "firebase-ios-sdk" */;
			productName = FirebaseFirestore;
		};
		BACB84C9287942A1007477D3 /* RxCocoa */ = {
			isa = XCSwiftPackageProductDependency;
			package = BACB84C8287942A1007477D3 /* XCRemoteSwiftPackageReference "RxSwift" */;
			productName = RxCocoa;
		};
		BACB84CB287942A1007477D3 /* RxRelay */ = {
			isa = XCSwiftPackageProductDependency;
			package = BACB84C8287942A1007477D3 /* XCRemoteSwiftPackageReference "RxSwift" */;
			productName = RxRelay;
		};
		BACB84CD287942A1007477D3 /* RxSwift */ = {
			isa = XCSwiftPackageProductDependency;
			package = BACB84C8287942A1007477D3 /* XCRemoteSwiftPackageReference "RxSwift" */;
			productName = RxSwift;
		};
/* End XCSwiftPackageProductDependency section */
	};
	rootObject = BA79274526BDF85400311E1E /* Project object */;
}
